<?xml version="1.0" encoding="utf-8"?>
<Project ToolsVersion="4.0" xmlns="http://schemas.microsoft.com/developer/msbuild/2003">
  <ItemGroup>
    <Filter Include="Source Files">
      <UniqueIdentifier>{4FC737F1-C7A5-4376-A066-2A32D752A2FF}</UniqueIdentifier>
      <Extensions>cpp;c;cc;cxx;def;odl;idl;hpj;bat;asm;asmx</Extensions>
    </Filter>
    <Filter Include="Util">
      <UniqueIdentifier>{4f5da867-1334-436b-b2db-bd691de00b3f}</UniqueIdentifier>
    </Filter>
  </ItemGroup>
  <ItemGroup>
    <ClInclude Include="arrays2_macro.h">
      <Filter>Source Files</Filter>
    </ClInclude>
    <ClInclude Include="arrays_macro.h">
      <Filter>Source Files</Filter>
    </ClInclude>
    <ClInclude Include="export_mesh.h">
      <Filter>Source Files</Filter>
    </ClInclude>
    <ClInclude Include="export_sceneobject.h">
      <Filter>Source Files</Filter>
    </ClInclude>
    <ClInclude Include="..\..\cpp\plantgl\python\boost_python.h">
      <Filter>Util</Filter>
    </ClInclude>
    <ClInclude Include="..\..\cpp\plantgl\python\exception.h">
      <Filter>Util</Filter>
    </ClInclude>
    <ClInclude Include="..\..\cpp\plantgl\python\exception_core.h">
      <Filter>Util</Filter>
    </ClInclude>
    <ClInclude Include="..\..\cpp\plantgl\python\export_list.h">
      <Filter>Util</Filter>
    </ClInclude>
    <ClInclude Include="..\..\cpp\plantgl\python\export_property.h">
      <Filter>Util</Filter>
    </ClInclude>
    <ClInclude Include="..\..\cpp\plantgl\python\export_refcountptr.h">
      <Filter>Util</Filter>
    </ClInclude>
    <ClInclude Include="..\..\cpp\plantgl\python\extract_list.h">
      <Filter>Util</Filter>
    </ClInclude>
    <ClInclude Include="..\..\cpp\plantgl\python\extract_pgl.h">
      <Filter>Util</Filter>
    </ClInclude>
    <ClInclude Include="..\..\cpp\plantgl\python\extract_tuple.h">
      <Filter>Util</Filter>
    </ClInclude>
    <ClInclude Include="..\..\cpp\plantgl\python\extract_widget.h">
      <Filter>Util</Filter>
    </ClInclude>
    <ClInclude Include="..\..\cpp\plantgl\python\intrusive_ptr_python_helper.h">
      <Filter>Util</Filter>
    </ClInclude>
    <ClInclude Include="..\..\cpp\plantgl\python\list_converter.h">
      <Filter>Util</Filter>
    </ClInclude>
    <ClInclude Include="..\..\cpp\plantgl\python\pyinterpreter.h">
      <Filter>Util</Filter>
    </ClInclude>
    <ClInclude Include="..\..\cpp\plantgl\python\pyobj_reference.h">
      <Filter>Util</Filter>
    </ClInclude>
    <ClInclude Include="..\..\cpp\plantgl\python\pyobj_reference_core.h">
      <Filter>Util</Filter>
    </ClInclude>
    <ClInclude Include="..\..\cpp\plantgl\python\tuple_converter.h">
      <Filter>Util</Filter>
    </ClInclude>
    <ClInclude Include="export_scenegraph.h" />
  </ItemGroup>
  <ItemGroup>
    <ClCompile Include="export_amapsymbol.cpp">
      <Filter>Source Files</Filter>
    </ClCompile>
    <ClCompile Include="export_appearance.cpp">
      <Filter>Source Files</Filter>
    </ClCompile>
    <ClCompile Include="export_arrays.cpp">
      <Filter>Source Files</Filter>
    </ClCompile>
    <ClCompile Include="export_arrays2.cpp">
      <Filter>Source Files</Filter>
    </ClCompile>
    <ClCompile Include="export_asymmetrichull.cpp">
      <Filter>Source Files</Filter>
    </ClCompile>
    <ClCompile Include="export_axisrotated.cpp">
      <Filter>Source Files</Filter>
    </ClCompile>
    <ClCompile Include="export_beziercurve.cpp">
      <Filter>Source Files</Filter>
    </ClCompile>
    <ClCompile Include="export_bezierpatch.cpp">
      <Filter>Source Files</Filter>
    </ClCompile>
    <ClCompile Include="export_bounding.cpp">
      <Filter>Source Files</Filter>
    </ClCompile>
    <ClCompile Include="export_box.cpp">
      <Filter>Source Files</Filter>
    </ClCompile>
    <ClCompile Include="export_color.cpp">
      <Filter>Source Files</Filter>
    </ClCompile>
    <ClCompile Include="export_cone.cpp">
      <Filter>Source Files</Filter>
    </ClCompile>
    <ClCompile Include="export_cylinder.cpp">
      <Filter>Source Files</Filter>
    </ClCompile>
    <ClCompile Include="export_deepcopier.cpp">
      <Filter>Source Files</Filter>
    </ClCompile>
    <ClCompile Include="export_disc.cpp">
      <Filter>Source Files</Filter>
    </ClCompile>
    <ClCompile Include="export_elevationgrid.cpp">
      <Filter>Source Files</Filter>
    </ClCompile>
    <ClCompile Include="export_eulerrotated.cpp">
      <Filter>Source Files</Filter>
    </ClCompile>
    <ClCompile Include="export_explicitmodel.cpp">
      <Filter>Source Files</Filter>
    </ClCompile>
    <ClCompile Include="export_extrudedhull.cpp">
      <Filter>Source Files</Filter>
    </ClCompile>
    <ClCompile Include="export_extrusion.cpp">
      <Filter>Source Files</Filter>
    </ClCompile>
    <ClCompile Include="export_faceset.cpp">
      <Filter>Source Files</Filter>
    </ClCompile>
    <ClCompile Include="export_factory.cpp">
      <Filter>Source Files</Filter>
    </ClCompile>
    <ClCompile Include="export_frustum.cpp">
      <Filter>Source Files</Filter>
    </ClCompile>
    <ClCompile Include="export_function.cpp">
      <Filter>Source Files</Filter>
    </ClCompile>
    <ClCompile Include="export_geometry.cpp">
      <Filter>Source Files</Filter>
    </ClCompile>
    <ClCompile Include="export_geometryarray.cpp">
      <Filter>Source Files</Filter>
    </ClCompile>
    <ClCompile Include="export_group.cpp">
      <Filter>Source Files</Filter>
    </ClCompile>
    <ClCompile Include="export_hull.cpp">
      <Filter>Source Files</Filter>
    </ClCompile>
    <ClCompile Include="export_ifs.cpp">
      <Filter>Source Files</Filter>
    </ClCompile>
    <ClCompile Include="export_index.cpp">
      <Filter>Source Files</Filter>
    </ClCompile>
    <ClCompile Include="export_lineicmodel.cpp">
      <Filter>Source Files</Filter>
    </ClCompile>
    <ClCompile Include="export_material.cpp">
      <Filter>Source Files</Filter>
    </ClCompile>
    <ClCompile Include="export_mesh.cpp">
      <Filter>Source Files</Filter>
    </ClCompile>
    <ClCompile Include="export_nurbscurve.cpp">
      <Filter>Source Files</Filter>
    </ClCompile>
    <ClCompile Include="export_nurbspatch.cpp">
      <Filter>Source Files</Filter>
    </ClCompile>
    <ClCompile Include="export_oriented.cpp">
      <Filter>Source Files</Filter>
    </ClCompile>
    <ClCompile Include="export_paraboloid.cpp">
      <Filter>Source Files</Filter>
    </ClCompile>
    <ClCompile Include="export_parametricmodel.cpp">
      <Filter>Source Files</Filter>
    </ClCompile>
    <ClCompile Include="export_patch.cpp">
      <Filter>Source Files</Filter>
    </ClCompile>
    <ClCompile Include="export_planarmodel.cpp">
      <Filter>Source Files</Filter>
    </ClCompile>
    <ClCompile Include="export_pointarrays.cpp">
      <Filter>Source Files</Filter>
    </ClCompile>
    <ClCompile Include="export_pointset.cpp">
      <Filter>Source Files</Filter>
    </ClCompile>
    <ClCompile Include="export_polyline.cpp">
      <Filter>Source Files</Filter>
    </ClCompile>
    <ClCompile Include="export_primitive.cpp">
      <Filter>Source Files</Filter>
    </ClCompile>
    <ClCompile Include="export_quadset.cpp">
      <Filter>Source Files</Filter>
    </ClCompile>
    <ClCompile Include="export_revolution.cpp">
      <Filter>Source Files</Filter>
    </ClCompile>
    <ClCompile Include="export_scaled.cpp">
      <Filter>Source Files</Filter>
    </ClCompile>
    <ClCompile Include="export_scene.cpp">
      <Filter>Source Files</Filter>
    </ClCompile>
    <ClCompile Include="export_sceneobject.cpp">
      <Filter>Source Files</Filter>
    </ClCompile>
    <ClCompile Include="export_shape.cpp">
      <Filter>Source Files</Filter>
    </ClCompile>
    <ClCompile Include="export_sor.cpp">
      <Filter>Source Files</Filter>
    </ClCompile>
    <ClCompile Include="export_sphere.cpp">
      <Filter>Source Files</Filter>
    </ClCompile>
    <ClCompile Include="export_swung.cpp">
      <Filter>Source Files</Filter>
    </ClCompile>
    <ClCompile Include="export_tapered.cpp">
      <Filter>Source Files</Filter>
    </ClCompile>
    <ClCompile Include="export_text.cpp">
      <Filter>Source Files</Filter>
    </ClCompile>
    <ClCompile Include="export_texture.cpp">
      <Filter>Source Files</Filter>
    </ClCompile>
    <ClCompile Include="export_transformation.cpp">
      <Filter>Source Files</Filter>
    </ClCompile>
    <ClCompile Include="export_transformed.cpp">
      <Filter>Source Files</Filter>
    </ClCompile>
    <ClCompile Include="export_translated.cpp">
      <Filter>Source Files</Filter>
    </ClCompile>
    <ClCompile Include="export_triangleset.cpp">
      <Filter>Source Files</Filter>
    </ClCompile>
    <ClCompile Include="pgl_sg_wrapper.cpp">
      <Filter>Source Files</Filter>
    </ClCompile>
  </ItemGroup>
</Project>