Microsoft Visual Studio Solution File, Format Version 9.00
# Visual C++ Express 2005
Project("{8BC9CEB8-8B4A-11D0-8D11-00A0C91BC942}") = "libTool", "tool\tool.vcproj", "{3E4228C3-782D-4AD7-BEC5-4E56EE28158D}"
EndProject
Project("{8BC9CEB8-8B4A-11D0-8D11-00A0C91BC942}") = "libMath", "math\math.vcproj", "{C0E9458D-0972-4195-87A7-54FDCB1E5FB5}"
EndProject
Project("{8BC9CEB8-8B4A-11D0-8D11-00A0C91BC942}") = "libSceneGraph", "scenegraph\scenegraph.vcproj", "{B89C61AF-BA60-4A6E-9D5A-D20D0285A5D9}"
	ProjectSection(ProjectDependencies) = postProject
		{C0E9458D-0972-4195-87A7-54FDCB1E5FB5} = {C0E9458D-0972-4195-87A7-54FDCB1E5FB5}
		{3E4228C3-782D-4AD7-BEC5-4E56EE28158D} = {3E4228C3-782D-4AD7-BEC5-4E56EE28158D}
	EndProjectSection
EndProject
Project("{8BC9CEB8-8B4A-11D0-8D11-00A0C91BC942}") = "libAlgo", "algo\algo.vcproj", "{C5FB2683-C861-4FB0-90AA-47D4656CEF42}"
	ProjectSection(ProjectDependencies) = postProject
		{C0E9458D-0972-4195-87A7-54FDCB1E5FB5} = {C0E9458D-0972-4195-87A7-54FDCB1E5FB5}
		{B89C61AF-BA60-4A6E-9D5A-D20D0285A5D9} = {B89C61AF-BA60-4A6E-9D5A-D20D0285A5D9}
		{3E4228C3-782D-4AD7-BEC5-4E56EE28158D} = {3E4228C3-782D-4AD7-BEC5-4E56EE28158D}
	EndProjectSection
EndProject
Project("{8BC9CEB8-8B4A-11D0-8D11-00A0C91BC942}") = "libGui", "gui\gui.vcproj", "{30373852-CE1B-4BAC-A9FB-A3395AAC1BB4}"
	ProjectSection(ProjectDependencies) = postProject
		{C5FB2683-C861-4FB0-90AA-47D4656CEF42} = {C5FB2683-C861-4FB0-90AA-47D4656CEF42}
		{C0E9458D-0972-4195-87A7-54FDCB1E5FB5} = {C0E9458D-0972-4195-87A7-54FDCB1E5FB5}
		{B89C61AF-BA60-4A6E-9D5A-D20D0285A5D9} = {B89C61AF-BA60-4A6E-9D5A-D20D0285A5D9}
		{3E4228C3-782D-4AD7-BEC5-4E56EE28158D} = {3E4228C3-782D-4AD7-BEC5-4E56EE28158D}
	EndProjectSection
EndProject
Project("{8BC9CEB8-8B4A-11D0-8D11-00A0C91BC942}") = "Viewer", "gui\exe\viewer.vcproj", "{E581F732-6BB5-412E-AE68-7540FCF63F43}"
	ProjectSection(ProjectDependencies) = postProject
		{30373852-CE1B-4BAC-A9FB-A3395AAC1BB4} = {30373852-CE1B-4BAC-A9FB-A3395AAC1BB4}
	EndProjectSection
EndProject
Project("{8BC9CEB8-8B4A-11D0-8D11-00A0C91BC942}") = "wrapMath", "..\wrapper\math\wrap_math.vcproj", "{0F5CB473-0099-404D-BC85-44F425DB5279}"
	ProjectSection(ProjectDependencies) = postProject
		{C0E9458D-0972-4195-87A7-54FDCB1E5FB5} = {C0E9458D-0972-4195-87A7-54FDCB1E5FB5}
	EndProjectSection
EndProject
Global
	GlobalSection(SolutionConfigurationPlatforms) = preSolution
		Debug|Win32 = Debug|Win32
		Release|Win32 = Release|Win32
	EndGlobalSection
	GlobalSection(ProjectConfigurationPlatforms) = postSolution
		{3E4228C3-782D-4AD7-BEC5-4E56EE28158D}.Debug|Win32.ActiveCfg = Debug|Win32
		{3E4228C3-782D-4AD7-BEC5-4E56EE28158D}.Debug|Win32.Build.0 = Debug|Win32
		{3E4228C3-782D-4AD7-BEC5-4E56EE28158D}.Release|Win32.ActiveCfg = Release|Win32
		{3E4228C3-782D-4AD7-BEC5-4E56EE28158D}.Release|Win32.Build.0 = Release|Win32
		{C0E9458D-0972-4195-87A7-54FDCB1E5FB5}.Debug|Win32.ActiveCfg = Debug|Win32
		{C0E9458D-0972-4195-87A7-54FDCB1E5FB5}.Debug|Win32.Build.0 = Debug|Win32
		{C0E9458D-0972-4195-87A7-54FDCB1E5FB5}.Release|Win32.ActiveCfg = Release|Win32
		{C0E9458D-0972-4195-87A7-54FDCB1E5FB5}.Release|Win32.Build.0 = Release|Win32
		{B89C61AF-BA60-4A6E-9D5A-D20D0285A5D9}.Debug|Win32.ActiveCfg = Debug|Win32
		{B89C61AF-BA60-4A6E-9D5A-D20D0285A5D9}.Debug|Win32.Build.0 = Debug|Win32
		{B89C61AF-BA60-4A6E-9D5A-D20D0285A5D9}.Release|Win32.ActiveCfg = Release|Win32
		{B89C61AF-BA60-4A6E-9D5A-D20D0285A5D9}.Release|Win32.Build.0 = Release|Win32
		{C5FB2683-C861-4FB0-90AA-47D4656CEF42}.Debug|Win32.ActiveCfg = Debug|Win32
		{C5FB2683-C861-4FB0-90AA-47D4656CEF42}.Debug|Win32.Build.0 = Debug|Win32
		{C5FB2683-C861-4FB0-90AA-47D4656CEF42}.Release|Win32.ActiveCfg = Release|Win32
		{C5FB2683-C861-4FB0-90AA-47D4656CEF42}.Release|Win32.Build.0 = Release|Win32
		{30373852-CE1B-4BAC-A9FB-A3395AAC1BB4}.Debug|Win32.ActiveCfg = Debug|Win32
		{30373852-CE1B-4BAC-A9FB-A3395AAC1BB4}.Debug|Win32.Build.0 = Debug|Win32
		{30373852-CE1B-4BAC-A9FB-A3395AAC1BB4}.Release|Win32.ActiveCfg = Release|Win32
		{30373852-CE1B-4BAC-A9FB-A3395AAC1BB4}.Release|Win32.Build.0 = Release|Win32
		{E581F732-6BB5-412E-AE68-7540FCF63F43}.Debug|Win32.ActiveCfg = Debug|Win32
		{E581F732-6BB5-412E-AE68-7540FCF63F43}.Debug|Win32.Build.0 = Debug|Win32
		{E581F732-6BB5-412E-AE68-7540FCF63F43}.Release|Win32.ActiveCfg = Release|Win32
		{E581F732-6BB5-412E-AE68-7540FCF63F43}.Release|Win32.Build.0 = Release|Win32
		{0F5CB473-0099-404D-BC85-44F425DB5279}.Debug|Win32.ActiveCfg = Debug|Win32
		{0F5CB473-0099-404D-BC85-44F425DB5279}.Debug|Win32.Build.0 = Debug|Win32
		{0F5CB473-0099-404D-BC85-44F425DB5279}.Release|Win32.ActiveCfg = Release|Win32
		{0F5CB473-0099-404D-BC85-44F425DB5279}.Release|Win32.Build.0 = Release|Win32
	EndGlobalSection
	GlobalSection(SolutionProperties) = preSolution
		HideSolutionNode = FALSE
	EndGlobalSection
EndGlobal
