Microsoft Visual Studio Solution File, Format Version 8.00
Project("{8BC9CEB8-8B4A-11D0-8D11-00A0C91BC942}") = "libTool", "tool\tool.vcproj", "{3E4228C3-782D-4AD7-BEC5-4E56EE28158D}"
	ProjectSection(ProjectDependencies) = postProject
	EndProjectSection
EndProject
Project("{8BC9CEB8-8B4A-11D0-8D11-00A0C91BC942}") = "libMath", "math\math.vcproj", "{C0E9458D-0972-4195-87A7-54FDCB1E5FB5}"
	ProjectSection(ProjectDependencies) = postProject
	EndProjectSection
EndProject
Project("{8BC9CEB8-8B4A-11D0-8D11-00A0C91BC942}") = "libSceneGraph", "scenegraph\scenegraph.vcproj", "{B89C61AF-BA60-4A6E-9D5A-D20D0285A5D9}"
	ProjectSection(ProjectDependencies) = postProject
		{C0E9458D-0972-4195-87A7-54FDCB1E5FB5} = {C0E9458D-0972-4195-87A7-54FDCB1E5FB5}
		{3E4228C3-782D-4AD7-BEC5-4E56EE28158D} = {3E4228C3-782D-4AD7-BEC5-4E56EE28158D}
	EndProjectSection
EndProject
Global
	GlobalSection(SolutionConfiguration) = preSolution
		Debug = Debug
		Release = Release
	EndGlobalSection
	GlobalSection(ProjectDependencies) = postSolution
	EndGlobalSection
	GlobalSection(ProjectConfiguration) = postSolution
		{3E4228C3-782D-4AD7-BEC5-4E56EE28158D}.Debug.ActiveCfg = Debug|Win32
		{3E4228C3-782D-4AD7-BEC5-4E56EE28158D}.Debug.Build.0 = Debug|Win32
		{3E4228C3-782D-4AD7-BEC5-4E56EE28158D}.Release.ActiveCfg = Release|Win32
		{3E4228C3-782D-4AD7-BEC5-4E56EE28158D}.Release.Build.0 = Release|Win32
		{C0E9458D-0972-4195-87A7-54FDCB1E5FB5}.Debug.ActiveCfg = Debug|Win32
		{C0E9458D-0972-4195-87A7-54FDCB1E5FB5}.Debug.Build.0 = Debug|Win32
		{C0E9458D-0972-4195-87A7-54FDCB1E5FB5}.Release.ActiveCfg = Release|Win32
		{C0E9458D-0972-4195-87A7-54FDCB1E5FB5}.Release.Build.0 = Release|Win32
		{B89C61AF-BA60-4A6E-9D5A-D20D0285A5D9}.Debug.ActiveCfg = Debug|Win32
		{B89C61AF-BA60-4A6E-9D5A-D20D0285A5D9}.Debug.Build.0 = Debug|Win32
		{B89C61AF-BA60-4A6E-9D5A-D20D0285A5D9}.Release.ActiveCfg = Release|Win32
		{B89C61AF-BA60-4A6E-9D5A-D20D0285A5D9}.Release.Build.0 = Release|Win32
	EndGlobalSection
	GlobalSection(ExtensibilityGlobals) = postSolution
	EndGlobalSection
	GlobalSection(ExtensibilityAddIns) = postSolution
	EndGlobalSection
EndGlobal
