<?xml version="1.0" encoding="utf-8"?>
<Project ToolsVersion="4.0" xmlns="http://schemas.microsoft.com/developer/msbuild/2003">
  <ItemGroup>
    <Filter Include="Base">
      <UniqueIdentifier>{e545d1e9-d580-41bb-af5f-2841e8495cc8}</UniqueIdentifier>
    </Filter>
    <Filter Include="Codec">
      <UniqueIdentifier>{7deaac55-cce1-4a8a-bea9-e53ab0112594}</UniqueIdentifier>
    </Filter>
    <Filter Include="Codec\Coder">
      <UniqueIdentifier>{bedc91f5-2565-4e3f-8a2e-04ae864ef31e}</UniqueIdentifier>
    </Filter>
    <Filter Include="Codec\Decoder">
      <UniqueIdentifier>{22b2fb5c-e4b7-4581-895e-4765bfad864b}</UniqueIdentifier>
    </Filter>
    <Filter Include="Codec\Decoder\Resources">
      <UniqueIdentifier>{ab589d7c-fe7e-4563-ba72-1b9448126474}</UniqueIdentifier>
    </Filter>
    <Filter Include="Codec\Codec">
      <UniqueIdentifier>{c31682a9-fd4d-4621-a3b0-09d3162c4f98}</UniqueIdentifier>
    </Filter>
    <Filter Include="Fitting">
      <UniqueIdentifier>{af8ab95f-1c0d-4434-9d23-c4b2a6298f26}</UniqueIdentifier>
    </Filter>
    <Filter Include="OpenGL">
      <UniqueIdentifier>{a526ffaf-3252-455d-bce0-b4c74b509994}</UniqueIdentifier>
    </Filter>
    <Filter Include="RayCasting">
      <UniqueIdentifier>{c97ef3f2-8688-4b54-ad29-e0d059a1c919}</UniqueIdentifier>
    </Filter>
    <Filter Include="Modelling">
      <UniqueIdentifier>{474574b0-3012-44c4-a6ab-f190b3ebbc04}</UniqueIdentifier>
    </Filter>
    <Filter Include="Grid">
      <UniqueIdentifier>{ef360e8b-5c80-42d4-9fc0-ef4bac6ae1d1}</UniqueIdentifier>
    </Filter>
  </ItemGroup>
  <ItemGroup>
    <ClCompile Include="base\amaptranslator.cpp">
      <Filter>Base</Filter>
    </ClCompile>
    <ClCompile Include="base\bboxcomputer.cpp">
      <Filter>Base</Filter>
    </ClCompile>
    <ClCompile Include="base\bspherecomputer.cpp">
      <Filter>Base</Filter>
    </ClCompile>
    <ClCompile Include="base\curvemanipulation.cpp">
      <Filter>Base</Filter>
    </ClCompile>
    <ClCompile Include="base\discretizer.cpp">
      <Filter>Base</Filter>
    </ClCompile>
    <ClCompile Include="base\matrixcomputer.cpp">
      <Filter>Base</Filter>
    </ClCompile>
    <ClCompile Include="base\merge.cpp">
      <Filter>Base</Filter>
    </ClCompile>
    <ClCompile Include="base\polygoncomputer.cpp">
      <Filter>Base</Filter>
    </ClCompile>
    <ClCompile Include="base\skelcomputer.cpp">
      <Filter>Base</Filter>
    </ClCompile>
    <ClCompile Include="base\statisticcomputer.cpp">
      <Filter>Base</Filter>
    </ClCompile>
    <ClCompile Include="base\surfcomputer.cpp">
      <Filter>Base</Filter>
    </ClCompile>
    <ClCompile Include="base\tesselator.cpp">
      <Filter>Base</Filter>
    </ClCompile>
    <ClCompile Include="base\volcomputer.cpp">
      <Filter>Base</Filter>
    </ClCompile>
    <ClCompile Include="base\wirecomputer.cpp">
      <Filter>Base</Filter>
    </ClCompile>
    <ClCompile Include="codec\binaryprinter.cpp">
      <Filter>Codec\Coder</Filter>
    </ClCompile>
    <ClCompile Include="codec\linetreeprinter.cpp">
      <Filter>Codec\Coder</Filter>
    </ClCompile>
    <ClCompile Include="codec\plyprinter.cpp">
      <Filter>Codec\Coder</Filter>
    </ClCompile>
    <ClCompile Include="codec\povprinter.cpp">
      <Filter>Codec\Coder</Filter>
    </ClCompile>
    <ClCompile Include="codec\printer.cpp">
      <Filter>Codec\Coder</Filter>
    </ClCompile>
    <ClCompile Include="codec\pyprinter.cpp">
      <Filter>Codec\Coder</Filter>
    </ClCompile>
    <ClCompile Include="codec\vgstarprinter.cpp">
      <Filter>Codec\Coder</Filter>
    </ClCompile>
    <ClCompile Include="codec\vrmlprinter.cpp">
      <Filter>Codec\Coder</Filter>
    </ClCompile>
    <ClCompile Include="codec\x3dprinter.cpp">
      <Filter>Codec\Coder</Filter>
    </ClCompile>
    <ClCompile Include="codec\xmlprinter.cpp">
      <Filter>Codec\Coder</Filter>
    </ClCompile>
    <ClCompile Include="codec\dtafile.cpp">
      <Filter>Codec\Decoder</Filter>
    </ClCompile>
    <ClCompile Include="codec\geomview_file.cpp">
      <Filter>Codec\Decoder</Filter>
    </ClCompile>
    <ClCompile Include="codec\ligfile.cpp">
      <Filter>Codec\Decoder</Filter>
    </ClCompile>
    <ClCompile Include="codec\scne_binaryparser.cpp">
      <Filter>Codec\Decoder</Filter>
    </ClCompile>
    <ClCompile Include="codec\scne_parser.cpp">
      <Filter>Codec\Decoder</Filter>
    </ClCompile>
    <ClCompile Include="codec\scne_scanner.cpp">
      <Filter>Codec\Decoder</Filter>
    </ClCompile>
    <ClCompile Include="codec\vgsfile.cpp">
      <Filter>Codec\Decoder</Filter>
    </ClCompile>
    <ClCompile Include="codec\cdc_geom.cpp">
      <Filter>Codec\Codec</Filter>
    </ClCompile>
    <ClCompile Include="codec\cdc_pov.cpp">
      <Filter>Codec\Codec</Filter>
    </ClCompile>
    <ClCompile Include="codec\cdc_vgstar.cpp">
      <Filter>Codec\Codec</Filter>
    </ClCompile>
    <ClCompile Include="codec\cdc_vrml.cpp">
      <Filter>Codec\Codec</Filter>
    </ClCompile>
    <ClCompile Include="codec\codecs.cpp">
      <Filter>Codec\Codec</Filter>
    </ClCompile>
    <ClCompile Include="fitting\branchcompressor.cpp">
      <Filter>Fitting</Filter>
    </ClCompile>
    <ClCompile Include="fitting\eigenvector.cpp">
      <Filter>Fitting</Filter>
    </ClCompile>
    <ClCompile Include="fitting\fit.cpp">
      <Filter>Fitting</Filter>
    </ClCompile>
    <ClCompile Include="fitting\miniball.cpp">
      <Filter>Fitting</Filter>
    </ClCompile>
    <ClCompile Include="fitting\skeleton.cpp">
      <Filter>Fitting</Filter>
    </ClCompile>
    <ClCompile Include="opengl\glbboxrenderer.cpp">
      <Filter>OpenGL</Filter>
    </ClCompile>
    <ClCompile Include="opengl\glctrlptrenderer.cpp">
      <Filter>OpenGL</Filter>
    </ClCompile>
    <ClCompile Include="opengl\glrenderer.cpp">
      <Filter>OpenGL</Filter>
    </ClCompile>
    <ClCompile Include="opengl\glskelrenderer.cpp">
      <Filter>OpenGL</Filter>
    </ClCompile>
    <ClCompile Include="opengl\gltransitionrenderer.cpp">
      <Filter>OpenGL</Filter>
    </ClCompile>
    <ClCompile Include="opengl\util_glut.cpp">
      <Filter>OpenGL</Filter>
    </ClCompile>
    <ClCompile Include="raycasting\ray.cpp">
      <Filter>RayCasting</Filter>
    </ClCompile>
    <ClCompile Include="raycasting\rayintersection.cpp">
      <Filter>RayCasting</Filter>
    </ClCompile>
    <ClCompile Include="raycasting\util_intersection.cpp">
      <Filter>RayCasting</Filter>
    </ClCompile>
    <ClCompile Include="modelling\turtle.cpp">
      <Filter>Modelling</Filter>
    </ClCompile>
    <ClCompile Include="grid\mvs.cpp">
      <Filter>Grid</Filter>
    </ClCompile>
    <ClCompile Include="grid\octree.cpp">
      <Filter>Grid</Filter>
    </ClCompile>
    <ClCompile Include="grid\octreenode.cpp">
      <Filter>Grid</Filter>
    </ClCompile>
    <ClCompile Include="grid\tile.cpp">
      <Filter>Grid</Filter>
    </ClCompile>
    <ClCompile Include="grid\voxel.cpp">
      <Filter>Grid</Filter>
    </ClCompile>
    <ClCompile Include="grid\voxelintersection.cpp">
      <Filter>Grid</Filter>
    </ClCompile>
    <ClCompile Include="fitting\triangulation3D.cpp">
      <Filter>Fitting</Filter>
    </ClCompile>
    <ClCompile Include="base\pointmanipulation.cpp">
      <Filter>Base</Filter>
    </ClCompile>
    <ClCompile Include="grid\kdtree.cpp">
      <Filter>Grid</Filter>
    </ClCompile>
    <ClCompile Include="base\intersection.cpp">
      <Filter>Base</Filter>
    </ClCompile>
    <ClCompile Include="base\planeclipping.cpp">
      <Filter>Base</Filter>
    </ClCompile>
  </ItemGroup>
  <ItemGroup>
    <ClInclude Include="base\amaptranslator.h">
      <Filter>Base</Filter>
    </ClInclude>
    <ClInclude Include="base\bboxcomputer.h">
      <Filter>Base</Filter>
    </ClInclude>
    <ClInclude Include="base\bspherecomputer.h">
      <Filter>Base</Filter>
    </ClInclude>
    <ClInclude Include="base\curvemanipulation.h">
      <Filter>Base</Filter>
    </ClInclude>
    <ClInclude Include="base\discretizer.h">
      <Filter>Base</Filter>
    </ClInclude>
    <ClInclude Include="base\matrixcomputer.h">
      <Filter>Base</Filter>
    </ClInclude>
    <ClInclude Include="base\merge.h">
      <Filter>Base</Filter>
    </ClInclude>
    <ClInclude Include="base\pointmanipulation.h">
      <Filter>Base</Filter>
    </ClInclude>
    <ClInclude Include="base\polygoncomputer.h">
      <Filter>Base</Filter>
    </ClInclude>
    <ClInclude Include="base\skelcomputer.h">
      <Filter>Base</Filter>
    </ClInclude>
    <ClInclude Include="base\statisticcomputer.h">
      <Filter>Base</Filter>
    </ClInclude>
    <ClInclude Include="base\surfcomputer.h">
      <Filter>Base</Filter>
    </ClInclude>
    <ClInclude Include="base\tesselator.h">
      <Filter>Base</Filter>
    </ClInclude>
    <ClInclude Include="base\volcomputer.h">
      <Filter>Base</Filter>
    </ClInclude>
    <ClInclude Include="base\wirecomputer.h">
      <Filter>Base</Filter>
    </ClInclude>
    <ClInclude Include="codec\codec_config.h">
      <Filter>Codec</Filter>
    </ClInclude>
    <ClInclude Include="codec\binaryprinter.h">
      <Filter>Codec\Coder</Filter>
    </ClInclude>
    <ClInclude Include="codec\linetreeprinter.h">
      <Filter>Codec\Coder</Filter>
    </ClInclude>
    <ClInclude Include="codec\plyprinter.h">
      <Filter>Codec\Coder</Filter>
    </ClInclude>
    <ClInclude Include="codec\povprinter.h">
      <Filter>Codec\Coder</Filter>
    </ClInclude>
    <ClInclude Include="codec\printer.h">
      <Filter>Codec\Coder</Filter>
    </ClInclude>
    <ClInclude Include="codec\pyprinter.h">
      <Filter>Codec\Coder</Filter>
    </ClInclude>
    <ClInclude Include="codec\vgstarprinter.h">
      <Filter>Codec\Coder</Filter>
    </ClInclude>
    <ClInclude Include="codec\vrmlprinter.h">
      <Filter>Codec\Coder</Filter>
    </ClInclude>
    <ClInclude Include="codec\x3dprinter.h">
      <Filter>Codec\Coder</Filter>
    </ClInclude>
    <ClInclude Include="codec\xmlprinter.h">
      <Filter>Codec\Coder</Filter>
    </ClInclude>
    <ClInclude Include="codec\dtafile.h">
      <Filter>Codec\Decoder</Filter>
    </ClInclude>
    <ClInclude Include="codec\geomview_file.h">
      <Filter>Codec\Decoder</Filter>
    </ClInclude>
    <ClInclude Include="codec\ligfile.h">
      <Filter>Codec\Decoder</Filter>
    </ClInclude>
    <ClInclude Include="codec\scne_binaryparser.h">
      <Filter>Codec\Decoder</Filter>
    </ClInclude>
    <ClInclude Include="codec\scne_parser.h">
      <Filter>Codec\Decoder</Filter>
    </ClInclude>
    <ClInclude Include="codec\scne_parser.hpp">
      <Filter>Codec\Decoder</Filter>
    </ClInclude>
    <ClInclude Include="codec\scne_scanner.h">
      <Filter>Codec\Decoder</Filter>
    </ClInclude>
    <ClInclude Include="codec\vgsfile.h">
      <Filter>Codec\Decoder</Filter>
    </ClInclude>
    <ClInclude Include="codec\cdc_geom.h">
      <Filter>Codec\Codec</Filter>
    </ClInclude>
    <ClInclude Include="codec\cdc_pov.h">
      <Filter>Codec\Codec</Filter>
    </ClInclude>
    <ClInclude Include="codec\cdc_vgstar.h">
      <Filter>Codec\Codec</Filter>
    </ClInclude>
    <ClInclude Include="codec\cdc_vrml.h">
      <Filter>Codec\Codec</Filter>
    </ClInclude>
    <ClInclude Include="codec\codecs.h">
      <Filter>Codec\Codec</Filter>
    </ClInclude>
    <ClInclude Include="fitting\branchcompressor.h">
      <Filter>Fitting</Filter>
    </ClInclude>
    <ClInclude Include="fitting\eigenvector.h">
      <Filter>Fitting</Filter>
    </ClInclude>
    <ClInclude Include="fitting\fit.h">
      <Filter>Fitting</Filter>
    </ClInclude>
    <ClInclude Include="fitting\miniball.h">
      <Filter>Fitting</Filter>
    </ClInclude>
    <ClInclude Include="fitting\miniball_config.h">
      <Filter>Fitting</Filter>
    </ClInclude>
    <ClInclude Include="fitting\skeleton.h">
      <Filter>Fitting</Filter>
    </ClInclude>
    <ClInclude Include="opengl\glbboxrenderer.h">
      <Filter>OpenGL</Filter>
    </ClInclude>
    <ClInclude Include="opengl\glctrlptrenderer.h">
      <Filter>OpenGL</Filter>
    </ClInclude>
    <ClInclude Include="opengl\glrenderer.h">
      <Filter>OpenGL</Filter>
    </ClInclude>
    <ClInclude Include="opengl\glskelrenderer.h">
      <Filter>OpenGL</Filter>
    </ClInclude>
    <ClInclude Include="opengl\gltransitionrenderer.h">
      <Filter>OpenGL</Filter>
    </ClInclude>
    <ClInclude Include="opengl\util_appegl.h">
      <Filter>OpenGL</Filter>
    </ClInclude>
    <ClInclude Include="opengl\util_gl.h">
      <Filter>OpenGL</Filter>
    </ClInclude>
    <ClInclude Include="opengl\util_glut.h">
      <Filter>OpenGL</Filter>
    </ClInclude>
    <ClInclude Include="raycasting\ray.h">
      <Filter>RayCasting</Filter>
    </ClInclude>
    <ClInclude Include="raycasting\rayintersection.h">
      <Filter>RayCasting</Filter>
    </ClInclude>
    <ClInclude Include="raycasting\util_intersection.h">
      <Filter>RayCasting</Filter>
    </ClInclude>
    <ClInclude Include="modelling\pglturtle.h">
      <Filter>Modelling</Filter>
    </ClInclude>
    <ClInclude Include="modelling\turtle.h">
      <Filter>Modelling</Filter>
    </ClInclude>
    <ClInclude Include="modelling\turtleparam.h">
      <Filter>Modelling</Filter>
    </ClInclude>
    <ClInclude Include="grid\mvs.h">
      <Filter>Grid</Filter>
    </ClInclude>
    <ClInclude Include="grid\octree.h">
      <Filter>Grid</Filter>
    </ClInclude>
    <ClInclude Include="grid\octreenode.h">
      <Filter>Grid</Filter>
    </ClInclude>
    <ClInclude Include="grid\regularpointgrid.h">
      <Filter>Grid</Filter>
    </ClInclude>
    <ClInclude Include="grid\tile.h">
      <Filter>Grid</Filter>
    </ClInclude>
    <ClInclude Include="grid\voxel.h">
      <Filter>Grid</Filter>
    </ClInclude>
    <ClInclude Include="grid\voxelintersection.h">
      <Filter>Grid</Filter>
    </ClInclude>
    <ClInclude Include="algo_config.h" />
    <ClInclude Include="..\pgl_algo.h" />
    <ClInclude Include="fitting\triangulation3D.h">
      <Filter>Fitting</Filter>
    </ClInclude>
    <ClInclude Include="base\dijkstra.h">
      <Filter>Base</Filter>
    </ClInclude>
    <ClInclude Include="grid\kdtree.h">
      <Filter>Grid</Filter>
    </ClInclude>
    <ClInclude Include="grid\annkdtree_p.h">
      <Filter>Grid</Filter>
    </ClInclude>
    <ClInclude Include="base\intersection.h">
      <Filter>Base</Filter>
    </ClInclude>
    <ClInclude Include="base\cgalwrap.h">
      <Filter>Base</Filter>
    </ClInclude>
    <ClInclude Include="base\planeclipping.h">
      <Filter>Base</Filter>
    </ClInclude>
    <ClInclude Include="grid\triangleingrid.h">
      <Filter>Grid</Filter>
    </ClInclude>
  </ItemGroup>
  <ItemGroup>
    <CustomBuild Include="codec\scne_parser.y">
      <Filter>Codec\Decoder\Resources</Filter>
    </CustomBuild>
    <CustomBuild Include="codec\scne_scanner.l">
      <Filter>Codec\Decoder\Resources</Filter>
    </CustomBuild>
  </ItemGroup>
</Project>