<?xml version="1.0" encoding="utf-8"?>
<Project ToolsVersion="4.0" xmlns="http://schemas.microsoft.com/developer/msbuild/2003">
  <ItemGroup>
    <Filter Include="Source Files">
      <UniqueIdentifier>{4FC737F1-C7A5-4376-A066-2A32D752A2FF}</UniqueIdentifier>
      <Extensions>cpp;c;cc;cxx;def;odl;idl;hpj;bat;asm;asmx</Extensions>
    </Filter>
  </ItemGroup>
  <ItemGroup>
    <ClCompile Include="export_action.cpp">
      <Filter>Source Files</Filter>
    </ClCompile>
    <ClCompile Include="export_amaptranslator.cpp">
      <Filter>Source Files</Filter>
    </ClCompile>
    <ClCompile Include="export_bboxcomputer.cpp">
      <Filter>Source Files</Filter>
    </ClCompile>
    <ClCompile Include="export_curvemanip.cpp">
      <Filter>Source Files</Filter>
    </ClCompile>
    <ClCompile Include="export_discretizer.cpp">
      <Filter>Source Files</Filter>
    </ClCompile>
    <ClCompile Include="export_fit.cpp">
      <Filter>Source Files</Filter>
    </ClCompile>
    <ClCompile Include="export_glrenderer.cpp">
      <Filter>Source Files</Filter>
    </ClCompile>
    <ClCompile Include="export_intersect.cpp">
      <Filter>Source Files</Filter>
    </ClCompile>
    <ClCompile Include="export_matrixcomputer.cpp">
      <Filter>Source Files</Filter>
    </ClCompile>
    <ClCompile Include="export_merge.cpp">
      <Filter>Source Files</Filter>
    </ClCompile>
    <ClCompile Include="export_octree.cpp">
      <Filter>Source Files</Filter>
    </ClCompile>
    <ClCompile Include="export_pglturtle.cpp">
      <Filter>Source Files</Filter>
    </ClCompile>
    <ClCompile Include="export_pointgrid.cpp">
      <Filter>Source Files</Filter>
    </ClCompile>
    <ClCompile Include="export_pointmanip.cpp">
      <Filter>Source Files</Filter>
    </ClCompile>
    <ClCompile Include="export_povprinter.cpp">
      <Filter>Source Files</Filter>
    </ClCompile>
    <ClCompile Include="export_printer.cpp">
      <Filter>Source Files</Filter>
    </ClCompile>
    <ClCompile Include="export_pyprinter.cpp">
      <Filter>Source Files</Filter>
    </ClCompile>
    <ClCompile Include="export_reader.cpp">
      <Filter>Source Files</Filter>
    </ClCompile>
    <ClCompile Include="export_sequencer.cpp">
      <Filter>Source Files</Filter>
    </ClCompile>
    <ClCompile Include="export_skeleton.cpp">
      <Filter>Source Files</Filter>
    </ClCompile>
    <ClCompile Include="export_surfcomputer.cpp">
      <Filter>Source Files</Filter>
    </ClCompile>
    <ClCompile Include="export_turtle.cpp">
      <Filter>Source Files</Filter>
    </ClCompile>
    <ClCompile Include="export_turtleparam.cpp">
      <Filter>Source Files</Filter>
    </ClCompile>
    <ClCompile Include="export_vgstarprinter.cpp">
      <Filter>Source Files</Filter>
    </ClCompile>
    <ClCompile Include="export_volcomputer.cpp">
      <Filter>Source Files</Filter>
    </ClCompile>
    <ClCompile Include="export_vrmlprinter.cpp">
      <Filter>Source Files</Filter>
    </ClCompile>
    <ClCompile Include="pgl_algo_wrapper.cpp">
      <Filter>Source Files</Filter>
    </ClCompile>
    <ClCompile Include="export_triangulation3D.cpp">
      <Filter>Source Files</Filter>
    </ClCompile>
  </ItemGroup>
  <ItemGroup>
    <ClInclude Include="export_printer.h">
      <Filter>Source Files</Filter>
    </ClInclude>
    <ClInclude Include="export_action.h" />
  </ItemGroup>
</Project>